
Microsoft Visual Studio Solution File, Format Version 12.00
# Visual Studio Version 17
VisualStudioVersion = 17.0.31903.59
MinimumVisualStudioVersion = 10.0.40219.1
Project("{FAE04EC0-301F-11D3-BF4B-00C04F79EFBC}") = "AzaiinfChatClientSimple", "AzaiinfChatClientSimple\AzaiinfChatClientSimple.csproj", "{E3E7B03E-86B8-4EAE-9661-DA252FD48264}"
EndProject
Project("{FAE04EC0-301F-11D3-BF4B-00C04F79EFBC}") = "AzaiinfChatClientHistory", "AzaiinfChatClientHistory\AzaiinfChatClientHistory.csproj", "{A33BCB3D-F723-4EDF-B6EA-1E4BD5E9EB58}"
EndProject
Project("{FAE04EC0-301F-11D3-BF4B-00C04F79EFBC}") = "Common", "Common\Common.csproj", "{CDD0920D-C48C-43AA-8830-F5C343341F1F}"
EndProject
Project("{FAE04EC0-301F-11D3-BF4B-00C04F79EFBC}") = "MsextensionsOpenai", "MsextensionsOpenai\MsextensionsOpenai.csproj", "{D47D1B84-5EDF-4787-83F5-1F05B4AA67C9}"
EndProject
Global
	GlobalSection(SolutionConfigurationPlatforms) = preSolution
		Debug|Any CPU = Debug|Any CPU
		Release|Any CPU = Release|Any CPU
	EndGlobalSection
	GlobalSection(SolutionProperties) = preSolution
		HideSolutionNode = FALSE
	EndGlobalSection
	GlobalSection(ProjectConfigurationPlatforms) = postSolution
		{E3E7B03E-86B8-4EAE-9661-DA252FD48264}.Debug|Any CPU.ActiveCfg = Debug|Any CPU
		{E3E7B03E-86B8-4EAE-9661-DA252FD48264}.Debug|Any CPU.Build.0 = Debug|Any CPU
		{E3E7B03E-86B8-4EAE-9661-DA252FD48264}.Release|Any CPU.ActiveCfg = Release|Any CPU
		{E3E7B03E-86B8-4EAE-9661-DA252FD48264}.Release|Any CPU.Build.0 = Release|Any CPU
		{A33BCB3D-F723-4EDF-B6EA-1E4BD5E9EB58}.Debug|Any CPU.ActiveCfg = Debug|Any CPU
		{A33BCB3D-F723-4EDF-B6EA-1E4BD5E9EB58}.Debug|Any CPU.Build.0 = Debug|Any CPU
		{A33BCB3D-F723-4EDF-B6EA-1E4BD5E9EB58}.Release|Any CPU.ActiveCfg = Release|Any CPU
		{A33BCB3D-F723-4EDF-B6EA-1E4BD5E9EB58}.Release|Any CPU.Build.0 = Release|Any CPU
		{CDD0920D-C48C-43AA-8830-F5C343341F1F}.Debug|Any CPU.ActiveCfg = Debug|Any CPU
		{CDD0920D-C48C-43AA-8830-F5C343341F1F}.Debug|Any CPU.Build.0 = Debug|Any CPU
		{CDD0920D-C48C-43AA-8830-F5C343341F1F}.Release|Any CPU.ActiveCfg = Release|Any CPU
		{CDD0920D-C48C-43AA-8830-F5C343341F1F}.Release|Any CPU.Build.0 = Release|Any CPU
		{D47D1B84-5EDF-4787-83F5-1F05B4AA67C9}.Debug|Any CPU.ActiveCfg = Debug|Any CPU
		{D47D1B84-5EDF-4787-83F5-1F05B4AA67C9}.Debug|Any CPU.Build.0 = Debug|Any CPU
		{D47D1B84-5EDF-4787-83F5-1F05B4AA67C9}.Release|Any CPU.ActiveCfg = Release|Any CPU
		{D47D1B84-5EDF-4787-83F5-1F05B4AA67C9}.Release|Any CPU.Build.0 = Release|Any CPU
	EndGlobalSection
EndGlobal
